
Microsoft Visual Studio Solution File, Format Version 12.00
# Visual Studio Version 17
VisualStudioVersion = 17.3.32922.545
MinimumVisualStudioVersion = 10.0.40219.1
Project("{FAE04EC0-301F-11D3-BF4B-00C04F79EFBC}") = "ArchiveTests", "ArchiveTests\ArchiveTests.csproj", "{AD400BAD-EE24-4018-B86A-6F062AB5D0F6}"
EndProject
Global
	GlobalSection(SolutionConfigurationPlatforms) = preSolution
		Debug|Any CPU = Debug|Any CPU
		Release|Any CPU = Release|Any CPU
	EndGlobalSection
	GlobalSection(ProjectConfigurationPlatforms) = postSolution
		{AD400BAD-EE24-4018-B86A-6F062AB5D0F6}.Debug|Any CPU.ActiveCfg = Debug|Any CPU
		{AD400BAD-EE24-4018-B86A-6F062AB5D0F6}.Debug|Any CPU.Build.0 = Debug|Any CPU
		{AD400BAD-EE24-4018-B86A-6F062AB5D0F6}.Release|Any CPU.ActiveCfg = Release|Any CPU
		{AD400BAD-EE24-4018-B86A-6F062AB5D0F6}.Release|Any CPU.Build.0 = Release|Any CPU
	EndGlobalSection
	GlobalSection(SolutionProperties) = preSolution
		HideSolutionNode = FALSE
	EndGlobalSection
	GlobalSection(ExtensibilityGlobals) = postSolution
		SolutionGuid = {58EC9492-710D-4315-A473-F5AF53EB8B79}
	EndGlobalSection
EndGlobal
